
Microsoft Visual Studio Solution File, Format Version 12.00
# Visual Studio 15
VisualStudioVersion = 15.0.27703.2018
MinimumVisualStudioVersion = 10.0.40219.1
Project("{9A19103F-16F7-4668-BE54-9A1E7A4F7556}") = "Pcf.Dotnet.Core.Push.Task", "Pcf.Dotnet.Core.Push.Task\Pcf.Dotnet.Core.Push.Task.csproj", "{3C2964B4-7FA6-4031-9A25-A5E6E6AC4FA6}"
EndProject
Project("{FAE04EC0-301F-11D3-BF4B-00C04F79EFBC}") = "Pcf.Dotnet.Framework.Push.Mvc.Windows", "Pcf.Dotnet.Framework.Push.Mvc.Windows\Pcf.Dotnet.Framework.Push.Mvc.Windows.csproj", "{B7FC1986-BD49-40C9-9290-967860A6C0E0}"
EndProject
Project("{FAE04EC0-301F-11D3-BF4B-00C04F79EFBC}") = "Pcf.Dotnet.Framework.Push.WebForms.Windows", "Pcf.Dotnet.Framework.Push.WebForms.Windows\Pcf.Dotnet.Framework.Push.WebForms.Windows.csproj", "{D0107972-F6F7-4B11-A0BB-687A9F25828A}"
EndProject
Project("{9A19103F-16F7-4668-BE54-9A1E7A4F7556}") = "Pcf.Dotnet.Core.Push.Mvvm.Docker.Linux", "Pcf.Dotnet.Core.Push.Mvvm.Docker.Linux\Pcf.Dotnet.Core.Push.Mvvm.Docker.Linux\Pcf.Dotnet.Core.Push.Mvvm.Docker.Linux.csproj", "{FE5B73CF-4574-427B-B429-732B77F32DC5}"
EndProject
Project("{9A19103F-16F7-4668-BE54-9A1E7A4F7556}") = "Pcf.Dotnet.Core.Push.Mvvm.Docker.Windows", "Pcf.Dotnet.Core.Push.Mvvm.Docker.Windows\Pcf.Dotnet.Core.Push.Mvvm.Docker.Windows\Pcf.Dotnet.Core.Push.Mvvm.Docker.Windows.csproj", "{8BBBFBB8-49E8-43CF-AE56-304C030FCB95}"
EndProject
Project("{9A19103F-16F7-4668-BE54-9A1E7A4F7556}") = "Pcf.Push.Dotnet.Core.Mvc.Linux", "Pcf.Push.Dotnet.Core.Mvc.Linux\Pcf.Push.Dotnet.Core.Mvc.Linux.csproj", "{5A78063B-C0C4-4FAD-BC68-EA8FF3F57E46}"
EndProject
Project("{9A19103F-16F7-4668-BE54-9A1E7A4F7556}") = "Pcf.Push.Dotnet.Core.Mvc.Windows", "Pcf.Push.Dotnet.Core.Mvc.Windows\Pcf.Push.Dotnet.Core.Mvc.Windows.csproj", "{9A5E2DE1-E260-4C6E-B205-E608C3B5B6F8}"
EndProject
Project("{9A19103F-16F7-4668-BE54-9A1E7A4F7556}") = "Pcf.Push.Dotnet.Core.Empty", "Pcf.Push.Dotnet.Core.Empty\Pcf.Push.Dotnet.Core.Empty.csproj", "{1BD163B0-D2AA-4A59-9A57-AD06CF736E12}"
EndProject
Project("{9A19103F-16F7-4668-BE54-9A1E7A4F7556}") = "Pcf.Push.Dotnet.Core.Api.Routing.Customers", "Pcf.Push.Dotnet.Core.Api.Routing.Customers\Pcf.Push.Dotnet.Core.Api.Routing.Customers.csproj", "{720F9EF8-8E66-43FB-81D6-A4573D714CD9}"
EndProject
Project("{9A19103F-16F7-4668-BE54-9A1E7A4F7556}") = "Pcf.Push.Dotnet.Core.Api.Routing.Products", "Pcf.Push.Dotnet.Core.Api.Routing.Products\Pcf.Push.Dotnet.Core.Api.Routing.Products.csproj", "{EE2951BF-1E2F-473C-82DE-89A17D0092F3}"
EndProject
Global
	GlobalSection(SolutionConfigurationPlatforms) = preSolution
		Debug|Any CPU = Debug|Any CPU
		Release|Any CPU = Release|Any CPU
	EndGlobalSection
	GlobalSection(ProjectConfigurationPlatforms) = postSolution
		{3C2964B4-7FA6-4031-9A25-A5E6E6AC4FA6}.Debug|Any CPU.ActiveCfg = Debug|Any CPU
		{3C2964B4-7FA6-4031-9A25-A5E6E6AC4FA6}.Debug|Any CPU.Build.0 = Debug|Any CPU
		{3C2964B4-7FA6-4031-9A25-A5E6E6AC4FA6}.Release|Any CPU.ActiveCfg = Release|Any CPU
		{3C2964B4-7FA6-4031-9A25-A5E6E6AC4FA6}.Release|Any CPU.Build.0 = Release|Any CPU
		{B7FC1986-BD49-40C9-9290-967860A6C0E0}.Debug|Any CPU.ActiveCfg = Debug|Any CPU
		{B7FC1986-BD49-40C9-9290-967860A6C0E0}.Debug|Any CPU.Build.0 = Debug|Any CPU
		{B7FC1986-BD49-40C9-9290-967860A6C0E0}.Release|Any CPU.ActiveCfg = Release|Any CPU
		{B7FC1986-BD49-40C9-9290-967860A6C0E0}.Release|Any CPU.Build.0 = Release|Any CPU
		{D0107972-F6F7-4B11-A0BB-687A9F25828A}.Debug|Any CPU.ActiveCfg = Debug|Any CPU
		{D0107972-F6F7-4B11-A0BB-687A9F25828A}.Debug|Any CPU.Build.0 = Debug|Any CPU
		{D0107972-F6F7-4B11-A0BB-687A9F25828A}.Release|Any CPU.ActiveCfg = Release|Any CPU
		{D0107972-F6F7-4B11-A0BB-687A9F25828A}.Release|Any CPU.Build.0 = Release|Any CPU
		{FE5B73CF-4574-427B-B429-732B77F32DC5}.Debug|Any CPU.ActiveCfg = Debug|Any CPU
		{FE5B73CF-4574-427B-B429-732B77F32DC5}.Debug|Any CPU.Build.0 = Debug|Any CPU
		{FE5B73CF-4574-427B-B429-732B77F32DC5}.Release|Any CPU.ActiveCfg = Release|Any CPU
		{FE5B73CF-4574-427B-B429-732B77F32DC5}.Release|Any CPU.Build.0 = Release|Any CPU
		{8BBBFBB8-49E8-43CF-AE56-304C030FCB95}.Debug|Any CPU.ActiveCfg = Debug|Any CPU
		{8BBBFBB8-49E8-43CF-AE56-304C030FCB95}.Debug|Any CPU.Build.0 = Debug|Any CPU
		{8BBBFBB8-49E8-43CF-AE56-304C030FCB95}.Release|Any CPU.ActiveCfg = Release|Any CPU
		{8BBBFBB8-49E8-43CF-AE56-304C030FCB95}.Release|Any CPU.Build.0 = Release|Any CPU
		{5A78063B-C0C4-4FAD-BC68-EA8FF3F57E46}.Debug|Any CPU.ActiveCfg = Debug|Any CPU
		{5A78063B-C0C4-4FAD-BC68-EA8FF3F57E46}.Debug|Any CPU.Build.0 = Debug|Any CPU
		{5A78063B-C0C4-4FAD-BC68-EA8FF3F57E46}.Release|Any CPU.ActiveCfg = Release|Any CPU
		{5A78063B-C0C4-4FAD-BC68-EA8FF3F57E46}.Release|Any CPU.Build.0 = Release|Any CPU
		{9A5E2DE1-E260-4C6E-B205-E608C3B5B6F8}.Debug|Any CPU.ActiveCfg = Debug|Any CPU
		{9A5E2DE1-E260-4C6E-B205-E608C3B5B6F8}.Debug|Any CPU.Build.0 = Debug|Any CPU
		{9A5E2DE1-E260-4C6E-B205-E608C3B5B6F8}.Release|Any CPU.ActiveCfg = Release|Any CPU
		{9A5E2DE1-E260-4C6E-B205-E608C3B5B6F8}.Release|Any CPU.Build.0 = Release|Any CPU
		{1BD163B0-D2AA-4A59-9A57-AD06CF736E12}.Debug|Any CPU.ActiveCfg = Debug|Any CPU
		{1BD163B0-D2AA-4A59-9A57-AD06CF736E12}.Debug|Any CPU.Build.0 = Debug|Any CPU
		{1BD163B0-D2AA-4A59-9A57-AD06CF736E12}.Release|Any CPU.ActiveCfg = Release|Any CPU
		{1BD163B0-D2AA-4A59-9A57-AD06CF736E12}.Release|Any CPU.Build.0 = Release|Any CPU
		{720F9EF8-8E66-43FB-81D6-A4573D714CD9}.Debug|Any CPU.ActiveCfg = Debug|Any CPU
		{720F9EF8-8E66-43FB-81D6-A4573D714CD9}.Debug|Any CPU.Build.0 = Debug|Any CPU
		{720F9EF8-8E66-43FB-81D6-A4573D714CD9}.Release|Any CPU.ActiveCfg = Release|Any CPU
		{720F9EF8-8E66-43FB-81D6-A4573D714CD9}.Release|Any CPU.Build.0 = Release|Any CPU
		{EE2951BF-1E2F-473C-82DE-89A17D0092F3}.Debug|Any CPU.ActiveCfg = Debug|Any CPU
		{EE2951BF-1E2F-473C-82DE-89A17D0092F3}.Debug|Any CPU.Build.0 = Debug|Any CPU
		{EE2951BF-1E2F-473C-82DE-89A17D0092F3}.Release|Any CPU.ActiveCfg = Release|Any CPU
		{EE2951BF-1E2F-473C-82DE-89A17D0092F3}.Release|Any CPU.Build.0 = Release|Any CPU
	EndGlobalSection
	GlobalSection(SolutionProperties) = preSolution
		HideSolutionNode = FALSE
	EndGlobalSection
	GlobalSection(ExtensibilityGlobals) = postSolution
		SolutionGuid = {190DE028-B209-4AC8-BF59-843BCC440FE9}
	EndGlobalSection
EndGlobal
